
Microsoft Visual Studio Solution File, Format Version 12.00
# Visual Studio 15
Project("{FAE04EC0-301F-11D3-BF4B-00C04F79EFBC}") = "Assembly-CSharp", "Assembly-CSharp.csproj", "{487FC9C8-A3E8-C3D3-F831-2F7865AECB84}"
EndProject
Project("{FAE04EC0-301F-11D3-BF4B-00C04F79EFBC}") = "Assembly-CSharp-Editor", "Assembly-CSharp-Editor.csproj", "{EAB6DF1C-B7C3-2793-3F85-9B158EC325F2}"
EndProject
Global
	GlobalSection(SolutionConfigurationPlatforms) = preSolution
		Debug|Any CPU = Debug|Any CPU
		Release|Any CPU = Release|Any CPU
	EndGlobalSection
	GlobalSection(ProjectConfigurationPlatforms) = postSolution
		{487FC9C8-A3E8-C3D3-F831-2F7865AECB84}.Debug|Any CPU.ActiveCfg = Debug|Any CPU
		{487FC9C8-A3E8-C3D3-F831-2F7865AECB84}.Debug|Any CPU.Build.0 = Debug|Any CPU
		{487FC9C8-A3E8-C3D3-F831-2F7865AECB84}.Release|Any CPU.ActiveCfg = Release|Any CPU
		{487FC9C8-A3E8-C3D3-F831-2F7865AECB84}.Release|Any CPU.Build.0 = Release|Any CPU
		{EAB6DF1C-B7C3-2793-3F85-9B158EC325F2}.Debug|Any CPU.ActiveCfg = Debug|Any CPU
		{EAB6DF1C-B7C3-2793-3F85-9B158EC325F2}.Debug|Any CPU.Build.0 = Debug|Any CPU
		{EAB6DF1C-B7C3-2793-3F85-9B158EC325F2}.Release|Any CPU.ActiveCfg = Release|Any CPU
		{EAB6DF1C-B7C3-2793-3F85-9B158EC325F2}.Release|Any CPU.Build.0 = Release|Any CPU
	EndGlobalSection
	GlobalSection(SolutionProperties) = preSolution
		HideSolutionNode = FALSE
	EndGlobalSection
EndGlobal
